
Microsoft Visual Studio Solution File, Format Version 12.00
# Visual Studio Version 16
VisualStudioVersion = 16.0.29613.14
MinimumVisualStudioVersion = 10.0.40219.1
Project("{9A19103F-16F7-4668-BE54-9A1E7A4F7556}") = "Net.Alipay", "Net.Alipay\Net.Alipay.csproj", "{B11D2525-C2C7-4291-B214-DA602F24C295}"
EndProject
Project("{9A19103F-16F7-4668-BE54-9A1E7A4F7556}") = "Net.Wechatpay", "Net.Wechatpay\Net.Wechatpay.csproj", "{DC4927B8-7BE6-476B-A7AA-2BB7AA0F9CEF}"
EndProject
Project("{FAE04EC0-301F-11D3-BF4B-00C04F79EFBC}") = "NUnitTestProject1", "NUnitTestProject1\NUnitTestProject1.csproj", "{3494FC0D-172D-4811-8111-3009C552AA20}"
EndProject
Project("{FAE04EC0-301F-11D3-BF4B-00C04F79EFBC}") = "Alipay.AspNetCore", "Alipay.AspNetCore\Alipay.AspNetCore.csproj", "{1AE94BE5-0126-443E-B17B-EF425E1AE869}"
EndProject
Project("{FAE04EC0-301F-11D3-BF4B-00C04F79EFBC}") = "Wechatpay.AspNetCore", "Wechatpay.AspNetCore\Wechatpay.AspNetCore.csproj", "{84101277-FBFA-46BB-AFAB-8565ACC5BE6D}"
EndProject
Global
	GlobalSection(SolutionConfigurationPlatforms) = preSolution
		Debug|Any CPU = Debug|Any CPU
		Release|Any CPU = Release|Any CPU
	EndGlobalSection
	GlobalSection(ProjectConfigurationPlatforms) = postSolution
		{B11D2525-C2C7-4291-B214-DA602F24C295}.Debug|Any CPU.ActiveCfg = Debug|Any CPU
		{B11D2525-C2C7-4291-B214-DA602F24C295}.Debug|Any CPU.Build.0 = Debug|Any CPU
		{B11D2525-C2C7-4291-B214-DA602F24C295}.Release|Any CPU.ActiveCfg = Release|Any CPU
		{B11D2525-C2C7-4291-B214-DA602F24C295}.Release|Any CPU.Build.0 = Release|Any CPU
		{DC4927B8-7BE6-476B-A7AA-2BB7AA0F9CEF}.Debug|Any CPU.ActiveCfg = Debug|Any CPU
		{DC4927B8-7BE6-476B-A7AA-2BB7AA0F9CEF}.Debug|Any CPU.Build.0 = Debug|Any CPU
		{DC4927B8-7BE6-476B-A7AA-2BB7AA0F9CEF}.Release|Any CPU.ActiveCfg = Release|Any CPU
		{DC4927B8-7BE6-476B-A7AA-2BB7AA0F9CEF}.Release|Any CPU.Build.0 = Release|Any CPU
		{3494FC0D-172D-4811-8111-3009C552AA20}.Debug|Any CPU.ActiveCfg = Debug|Any CPU
		{3494FC0D-172D-4811-8111-3009C552AA20}.Debug|Any CPU.Build.0 = Debug|Any CPU
		{3494FC0D-172D-4811-8111-3009C552AA20}.Release|Any CPU.ActiveCfg = Release|Any CPU
		{3494FC0D-172D-4811-8111-3009C552AA20}.Release|Any CPU.Build.0 = Release|Any CPU
		{1AE94BE5-0126-443E-B17B-EF425E1AE869}.Debug|Any CPU.ActiveCfg = Debug|Any CPU
		{1AE94BE5-0126-443E-B17B-EF425E1AE869}.Debug|Any CPU.Build.0 = Debug|Any CPU
		{1AE94BE5-0126-443E-B17B-EF425E1AE869}.Release|Any CPU.ActiveCfg = Release|Any CPU
		{1AE94BE5-0126-443E-B17B-EF425E1AE869}.Release|Any CPU.Build.0 = Release|Any CPU
		{84101277-FBFA-46BB-AFAB-8565ACC5BE6D}.Debug|Any CPU.ActiveCfg = Debug|Any CPU
		{84101277-FBFA-46BB-AFAB-8565ACC5BE6D}.Debug|Any CPU.Build.0 = Debug|Any CPU
		{84101277-FBFA-46BB-AFAB-8565ACC5BE6D}.Release|Any CPU.ActiveCfg = Release|Any CPU
		{84101277-FBFA-46BB-AFAB-8565ACC5BE6D}.Release|Any CPU.Build.0 = Release|Any CPU
	EndGlobalSection
	GlobalSection(SolutionProperties) = preSolution
		HideSolutionNode = FALSE
	EndGlobalSection
	GlobalSection(ExtensibilityGlobals) = postSolution
		SolutionGuid = {023104B4-215C-4B36-A2F7-C3B2FB459986}
	EndGlobalSection
EndGlobal
